
Microsoft Visual Studio Solution File, Format Version 12.00
# Visual Studio Version 16
VisualStudioVersion = 16.0.31624.102
MinimumVisualStudioVersion = 10.0.40219.1
Project("{9A19103F-16F7-4668-BE54-9A1E7A4F7556}") = "Calligraphy.Controller", "Calligraphy\Calligraphy.Controller.csproj", "{7C137504-73C7-41AC-98C2-B8E9C75CE9E1}"
EndProject
Project("{9A19103F-16F7-4668-BE54-9A1E7A4F7556}") = "Calligraphy.Data", "Calligraphy.Data\Calligraphy.Data.csproj", "{01F381B6-5281-4FB7-BAF5-A8C662132408}"
EndProject
Project("{9A19103F-16F7-4668-BE54-9A1E7A4F7556}") = "Calligraphy.Business", "Calligraphy.Business\Calligraphy.Business.csproj", "{9DF2B0D0-8B4A-43C0-8F1B-444F460482D1}"
EndProject
Global
	GlobalSection(SolutionConfigurationPlatforms) = preSolution
		Debug|Any CPU = Debug|Any CPU
		Release|Any CPU = Release|Any CPU
	EndGlobalSection
	GlobalSection(ProjectConfigurationPlatforms) = postSolution
		{7C137504-73C7-41AC-98C2-B8E9C75CE9E1}.Debug|Any CPU.ActiveCfg = Debug|Any CPU
		{7C137504-73C7-41AC-98C2-B8E9C75CE9E1}.Debug|Any CPU.Build.0 = Debug|Any CPU
		{7C137504-73C7-41AC-98C2-B8E9C75CE9E1}.Release|Any CPU.ActiveCfg = Release|Any CPU
		{7C137504-73C7-41AC-98C2-B8E9C75CE9E1}.Release|Any CPU.Build.0 = Release|Any CPU
		{01F381B6-5281-4FB7-BAF5-A8C662132408}.Debug|Any CPU.ActiveCfg = Debug|Any CPU
		{01F381B6-5281-4FB7-BAF5-A8C662132408}.Debug|Any CPU.Build.0 = Debug|Any CPU
		{01F381B6-5281-4FB7-BAF5-A8C662132408}.Release|Any CPU.ActiveCfg = Release|Any CPU
		{01F381B6-5281-4FB7-BAF5-A8C662132408}.Release|Any CPU.Build.0 = Release|Any CPU
		{9DF2B0D0-8B4A-43C0-8F1B-444F460482D1}.Debug|Any CPU.ActiveCfg = Debug|Any CPU
		{9DF2B0D0-8B4A-43C0-8F1B-444F460482D1}.Debug|Any CPU.Build.0 = Debug|Any CPU
		{9DF2B0D0-8B4A-43C0-8F1B-444F460482D1}.Release|Any CPU.ActiveCfg = Release|Any CPU
		{9DF2B0D0-8B4A-43C0-8F1B-444F460482D1}.Release|Any CPU.Build.0 = Release|Any CPU
	EndGlobalSection
	GlobalSection(SolutionProperties) = preSolution
		HideSolutionNode = FALSE
	EndGlobalSection
	GlobalSection(ExtensibilityGlobals) = postSolution
		SolutionGuid = {AA04ED85-CAA8-4031-9D29-1CAD50F2843E}
	EndGlobalSection
EndGlobal
